
Microsoft Visual Studio Solution File, Format Version 12.00
# Visual Studio Version 16
VisualStudioVersion = 16.0.31019.35
MinimumVisualStudioVersion = 10.0.40219.1
Project("{FAE04EC0-301F-11D3-BF4B-00C04F79EFBC}") = "SeleniumHTMLResults", "SeleniumHTMLResults\SeleniumHTMLResults.csproj", "{AA4A5EA9-B4BC-47BF-A248-3FC60788169A}"
EndProject
Project("{2150E333-8FDC-42A3-9474-1A3956D46DE8}") = "Solution Items", "Solution Items", "{36C3C1FE-0AC8-4FBA-B172-F9BADDC547BE}"
	ProjectSection(SolutionItems) = preProject
		App.config = App.config
	EndProjectSection
EndProject
Project("{FAE04EC0-301F-11D3-BF4B-00C04F79EFBC}") = "ReportingLibrary", "ReportingLibrary\ReportingLibrary.csproj", "{C574CE4B-60FA-4853-B16F-4D8BEC4B4E87}"
EndProject
Project("{FAE04EC0-301F-11D3-BF4B-00C04F79EFBC}") = "SeleniumHelperLibrary", "SeleniumHelperLibrary\SeleniumHelperLibrary.csproj", "{1C8C4DEB-C0F6-4416-91FB-239D74054A09}"
EndProject
Global
	GlobalSection(SolutionConfigurationPlatforms) = preSolution
		Debug|Any CPU = Debug|Any CPU
		Release|Any CPU = Release|Any CPU
	EndGlobalSection
	GlobalSection(ProjectConfigurationPlatforms) = postSolution
		{AA4A5EA9-B4BC-47BF-A248-3FC60788169A}.Debug|Any CPU.ActiveCfg = Debug|Any CPU
		{AA4A5EA9-B4BC-47BF-A248-3FC60788169A}.Debug|Any CPU.Build.0 = Debug|Any CPU
		{AA4A5EA9-B4BC-47BF-A248-3FC60788169A}.Release|Any CPU.ActiveCfg = Release|Any CPU
		{AA4A5EA9-B4BC-47BF-A248-3FC60788169A}.Release|Any CPU.Build.0 = Release|Any CPU
		{C574CE4B-60FA-4853-B16F-4D8BEC4B4E87}.Debug|Any CPU.ActiveCfg = Debug|Any CPU
		{C574CE4B-60FA-4853-B16F-4D8BEC4B4E87}.Debug|Any CPU.Build.0 = Debug|Any CPU
		{C574CE4B-60FA-4853-B16F-4D8BEC4B4E87}.Release|Any CPU.ActiveCfg = Release|Any CPU
		{C574CE4B-60FA-4853-B16F-4D8BEC4B4E87}.Release|Any CPU.Build.0 = Release|Any CPU
		{1C8C4DEB-C0F6-4416-91FB-239D74054A09}.Debug|Any CPU.ActiveCfg = Debug|Any CPU
		{1C8C4DEB-C0F6-4416-91FB-239D74054A09}.Debug|Any CPU.Build.0 = Debug|Any CPU
		{1C8C4DEB-C0F6-4416-91FB-239D74054A09}.Release|Any CPU.ActiveCfg = Release|Any CPU
		{1C8C4DEB-C0F6-4416-91FB-239D74054A09}.Release|Any CPU.Build.0 = Release|Any CPU
	EndGlobalSection
	GlobalSection(SolutionProperties) = preSolution
		HideSolutionNode = FALSE
	EndGlobalSection
	GlobalSection(ExtensibilityGlobals) = postSolution
		SolutionGuid = {8BBD8DD8-D590-4E80-821F-D1C6560E3AB4}
	EndGlobalSection
EndGlobal
